
Microsoft Visual Studio Solution File, Format Version 12.00
# Visual Studio 15
VisualStudioVersion = 15.0.28010.2026
MinimumVisualStudioVersion = 10.0.40219.1
Project("{FAE04EC0-301F-11D3-BF4B-00C04F79EFBC}") = "DoorPlate2017", "DoorPlate2017\DoorPlate2017.csproj", "{05A8D5B1-CD46-447D-A662-8E1D7C27A331}"
EndProject
Global
	GlobalSection(SolutionConfigurationPlatforms) = preSolution
		2017 Debug|Any CPU = 2017 Debug|Any CPU
		2017 Release|Any CPU = 2017 Release|Any CPU
		Debug|Any CPU = Debug|Any CPU
		X7 Debug|Any CPU = X7 Debug|Any CPU
		X7 Release|Any CPU = X7 Release|Any CPU
		X8 Debug|Any CPU = X8 Debug|Any CPU
		X8 Release|Any CPU = X8 Release|Any CPU
	EndGlobalSection
	GlobalSection(ProjectConfigurationPlatforms) = postSolution
		{05A8D5B1-CD46-447D-A662-8E1D7C27A331}.2017 Debug|Any CPU.ActiveCfg = 2017 Debug|Any CPU
		{05A8D5B1-CD46-447D-A662-8E1D7C27A331}.2017 Debug|Any CPU.Build.0 = 2017 Debug|Any CPU
		{05A8D5B1-CD46-447D-A662-8E1D7C27A331}.2017 Release|Any CPU.ActiveCfg = 2017 Release|Any CPU
		{05A8D5B1-CD46-447D-A662-8E1D7C27A331}.2017 Release|Any CPU.Build.0 = 2017 Release|Any CPU
		{05A8D5B1-CD46-447D-A662-8E1D7C27A331}.Debug|Any CPU.ActiveCfg = Debug|Any CPU
		{05A8D5B1-CD46-447D-A662-8E1D7C27A331}.Debug|Any CPU.Build.0 = Debug|Any CPU
		{05A8D5B1-CD46-447D-A662-8E1D7C27A331}.X7 Debug|Any CPU.ActiveCfg = Debug|Any CPU
		{05A8D5B1-CD46-447D-A662-8E1D7C27A331}.X7 Debug|Any CPU.Build.0 = Debug|Any CPU
		{05A8D5B1-CD46-447D-A662-8E1D7C27A331}.X7 Release|Any CPU.ActiveCfg = Debug|Any CPU
		{05A8D5B1-CD46-447D-A662-8E1D7C27A331}.X7 Release|Any CPU.Build.0 = Debug|Any CPU
		{05A8D5B1-CD46-447D-A662-8E1D7C27A331}.X8 Debug|Any CPU.ActiveCfg = Debug|Any CPU
		{05A8D5B1-CD46-447D-A662-8E1D7C27A331}.X8 Debug|Any CPU.Build.0 = Debug|Any CPU
		{05A8D5B1-CD46-447D-A662-8E1D7C27A331}.X8 Release|Any CPU.ActiveCfg = Debug|Any CPU
		{05A8D5B1-CD46-447D-A662-8E1D7C27A331}.X8 Release|Any CPU.Build.0 = Debug|Any CPU
	EndGlobalSection
	GlobalSection(SolutionProperties) = preSolution
		HideSolutionNode = FALSE
	EndGlobalSection
	GlobalSection(ExtensibilityGlobals) = postSolution
		SolutionGuid = {214F2376-3C46-4C47-8AE4-974727E4FF24}
	EndGlobalSection
EndGlobal
